
Microsoft Visual Studio Solution File, Format Version 12.00
# Visual Studio Version 17
VisualStudioVersion = 17.13.35931.197 d17.13
MinimumVisualStudioVersion = 10.0.40219.1
Project("{8BC9CEB8-8B4A-11D0-8D11-00A0C91BC942}") = "LibTest", "LibTest\LibTest.vcxproj", "{F3CF911D-46A9-4A81-AEB2-76BF03333BFF}"
EndProject
Global
	GlobalSection(SolutionConfigurationPlatforms) = preSolution
		Debug|x64 = Debug|x64
		Debug|x86 = Debug|x86
		Release|x64 = Release|x64
		Release|x86 = Release|x86
	EndGlobalSection
	GlobalSection(ProjectConfigurationPlatforms) = postSolution
		{F3CF911D-46A9-4A81-AEB2-76BF03333BFF}.Debug|x64.ActiveCfg = Debug|x64
		{F3CF911D-46A9-4A81-AEB2-76BF03333BFF}.Debug|x64.Build.0 = Debug|x64
		{F3CF911D-46A9-4A81-AEB2-76BF03333BFF}.Debug|x86.ActiveCfg = Debug|Win32
		{F3CF911D-46A9-4A81-AEB2-76BF03333BFF}.Debug|x86.Build.0 = Debug|Win32
		{F3CF911D-46A9-4A81-AEB2-76BF03333BFF}.Release|x64.ActiveCfg = Release|x64
		{F3CF911D-46A9-4A81-AEB2-76BF03333BFF}.Release|x64.Build.0 = Release|x64
		{F3CF911D-46A9-4A81-AEB2-76BF03333BFF}.Release|x86.ActiveCfg = Release|Win32
		{F3CF911D-46A9-4A81-AEB2-76BF03333BFF}.Release|x86.Build.0 = Release|Win32
	EndGlobalSection
	GlobalSection(SolutionProperties) = preSolution
		HideSolutionNode = FALSE
	EndGlobalSection
	GlobalSection(ExtensibilityGlobals) = postSolution
		SolutionGuid = {1D703D34-0978-4C38-B937-3FCF94A98FBC}
	EndGlobalSection
EndGlobal
